
Microsoft Visual Studio Solution File, Format Version 12.00
# Visual Studio Version 16
VisualStudioVersion = 16.0.31129.286
MinimumVisualStudioVersion = 10.0.40219.1
Project("{2150E333-8FDC-42A3-9474-1A3956D46DE8}") = "Adapters", "Adapters", "{FA9C1752-EC5D-47DB-BC1A-760ABADA2DAD}"
EndProject
Project("{2150E333-8FDC-42A3-9474-1A3956D46DE8}") = "Core", "Core", "{3EC225CE-0112-4849-9E3F-88BFAE712ED5}"
EndProject
Project("{2150E333-8FDC-42A3-9474-1A3956D46DE8}") = "Driven", "Driven", "{9074F1B9-BDF4-4677-9994-C5D17641FFC6}"
EndProject
Project("{2150E333-8FDC-42A3-9474-1A3956D46DE8}") = "Driving", "Driving", "{D5027A4D-EA92-4E04-AD6C-39039C0EF6D3}"
EndProject
Project("{2150E333-8FDC-42A3-9474-1A3956D46DE8}") = "Application", "Application", "{F4BBEF9B-61A3-4D85-91A3-6E37F59EB308}"
EndProject
Project("{9A19103F-16F7-4668-BE54-9A1E7A4F7556}") = "Projeto03.Adapters.Driven.Mail", "Projeto03.Adapters.Driven.Mail\Projeto03.Adapters.Driven.Mail.csproj", "{BFE6E4DB-112A-4958-A074-AE8078A88242}"
EndProject
Project("{9A19103F-16F7-4668-BE54-9A1E7A4F7556}") = "Projeto03.Adapters.Driven.SqlServer", "Projeto03.Adapters.Driven.SqlServer\Projeto03.Adapters.Driven.SqlServer.csproj", "{433880B7-B65F-4875-A3E9-A8D700CF8F06}"
EndProject
Project("{9A19103F-16F7-4668-BE54-9A1E7A4F7556}") = "Projet03.Adapters.Driving.Api", "Projet03.Adapters.Driving.Api\Projet03.Adapters.Driving.Api.csproj", "{2C55445E-95C1-4C69-BBF3-F15F15F8AB4D}"
EndProject
Project("{2150E333-8FDC-42A3-9474-1A3956D46DE8}") = "Domain", "Domain", "{C8F6807A-C264-442D-A6FA-32C46ADB9C6D}"
EndProject
Project("{9A19103F-16F7-4668-BE54-9A1E7A4F7556}") = "Projeto03.Core.Application", "Projeto03.Core.Application\Projeto03.Core.Application.csproj", "{50ACAC99-EF75-4DC1-AB9B-E35CAB5ED3A0}"
EndProject
Project("{9A19103F-16F7-4668-BE54-9A1E7A4F7556}") = "Projeto03.Core.Domain", "Projeto03.Core.Domain\Projeto03.Core.Domain.csproj", "{CCD11982-C6D7-4F00-8F3A-A36E69063D3C}"
EndProject
Project("{2150E333-8FDC-42A3-9474-1A3956D46DE8}") = "Tests - TDD", "Tests - TDD", "{0DB79709-CC7D-42BE-8CF4-EE9271A1D303}"
EndProject
Project("{FAE04EC0-301F-11D3-BF4B-00C04F79EFBC}") = "Projeto03.Api.Test", "Projeto03.Api.Test\Projeto03.Api.Test.csproj", "{C6155DF3-B1DB-4A1F-8A55-44C87D5953C3}"
EndProject
Global
	GlobalSection(SolutionConfigurationPlatforms) = preSolution
		Debug|Any CPU = Debug|Any CPU
		Release|Any CPU = Release|Any CPU
	EndGlobalSection
	GlobalSection(ProjectConfigurationPlatforms) = postSolution
		{BFE6E4DB-112A-4958-A074-AE8078A88242}.Debug|Any CPU.ActiveCfg = Debug|Any CPU
		{BFE6E4DB-112A-4958-A074-AE8078A88242}.Debug|Any CPU.Build.0 = Debug|Any CPU
		{BFE6E4DB-112A-4958-A074-AE8078A88242}.Release|Any CPU.ActiveCfg = Release|Any CPU
		{BFE6E4DB-112A-4958-A074-AE8078A88242}.Release|Any CPU.Build.0 = Release|Any CPU
		{433880B7-B65F-4875-A3E9-A8D700CF8F06}.Debug|Any CPU.ActiveCfg = Debug|Any CPU
		{433880B7-B65F-4875-A3E9-A8D700CF8F06}.Debug|Any CPU.Build.0 = Debug|Any CPU
		{433880B7-B65F-4875-A3E9-A8D700CF8F06}.Release|Any CPU.ActiveCfg = Release|Any CPU
		{433880B7-B65F-4875-A3E9-A8D700CF8F06}.Release|Any CPU.Build.0 = Release|Any CPU
		{2C55445E-95C1-4C69-BBF3-F15F15F8AB4D}.Debug|Any CPU.ActiveCfg = Debug|Any CPU
		{2C55445E-95C1-4C69-BBF3-F15F15F8AB4D}.Debug|Any CPU.Build.0 = Debug|Any CPU
		{2C55445E-95C1-4C69-BBF3-F15F15F8AB4D}.Release|Any CPU.ActiveCfg = Release|Any CPU
		{2C55445E-95C1-4C69-BBF3-F15F15F8AB4D}.Release|Any CPU.Build.0 = Release|Any CPU
		{50ACAC99-EF75-4DC1-AB9B-E35CAB5ED3A0}.Debug|Any CPU.ActiveCfg = Debug|Any CPU
		{50ACAC99-EF75-4DC1-AB9B-E35CAB5ED3A0}.Debug|Any CPU.Build.0 = Debug|Any CPU
		{50ACAC99-EF75-4DC1-AB9B-E35CAB5ED3A0}.Release|Any CPU.ActiveCfg = Release|Any CPU
		{50ACAC99-EF75-4DC1-AB9B-E35CAB5ED3A0}.Release|Any CPU.Build.0 = Release|Any CPU
		{CCD11982-C6D7-4F00-8F3A-A36E69063D3C}.Debug|Any CPU.ActiveCfg = Debug|Any CPU
		{CCD11982-C6D7-4F00-8F3A-A36E69063D3C}.Debug|Any CPU.Build.0 = Debug|Any CPU
		{CCD11982-C6D7-4F00-8F3A-A36E69063D3C}.Release|Any CPU.ActiveCfg = Release|Any CPU
		{CCD11982-C6D7-4F00-8F3A-A36E69063D3C}.Release|Any CPU.Build.0 = Release|Any CPU
		{C6155DF3-B1DB-4A1F-8A55-44C87D5953C3}.Debug|Any CPU.ActiveCfg = Debug|Any CPU
		{C6155DF3-B1DB-4A1F-8A55-44C87D5953C3}.Debug|Any CPU.Build.0 = Debug|Any CPU
		{C6155DF3-B1DB-4A1F-8A55-44C87D5953C3}.Release|Any CPU.ActiveCfg = Release|Any CPU
		{C6155DF3-B1DB-4A1F-8A55-44C87D5953C3}.Release|Any CPU.Build.0 = Release|Any CPU
	EndGlobalSection
	GlobalSection(SolutionProperties) = preSolution
		HideSolutionNode = FALSE
	EndGlobalSection
	GlobalSection(NestedProjects) = preSolution
		{9074F1B9-BDF4-4677-9994-C5D17641FFC6} = {FA9C1752-EC5D-47DB-BC1A-760ABADA2DAD}
		{D5027A4D-EA92-4E04-AD6C-39039C0EF6D3} = {FA9C1752-EC5D-47DB-BC1A-760ABADA2DAD}
		{F4BBEF9B-61A3-4D85-91A3-6E37F59EB308} = {3EC225CE-0112-4849-9E3F-88BFAE712ED5}
		{BFE6E4DB-112A-4958-A074-AE8078A88242} = {9074F1B9-BDF4-4677-9994-C5D17641FFC6}
		{433880B7-B65F-4875-A3E9-A8D700CF8F06} = {9074F1B9-BDF4-4677-9994-C5D17641FFC6}
		{2C55445E-95C1-4C69-BBF3-F15F15F8AB4D} = {D5027A4D-EA92-4E04-AD6C-39039C0EF6D3}
		{C8F6807A-C264-442D-A6FA-32C46ADB9C6D} = {3EC225CE-0112-4849-9E3F-88BFAE712ED5}
		{50ACAC99-EF75-4DC1-AB9B-E35CAB5ED3A0} = {F4BBEF9B-61A3-4D85-91A3-6E37F59EB308}
		{CCD11982-C6D7-4F00-8F3A-A36E69063D3C} = {C8F6807A-C264-442D-A6FA-32C46ADB9C6D}
		{C6155DF3-B1DB-4A1F-8A55-44C87D5953C3} = {0DB79709-CC7D-42BE-8CF4-EE9271A1D303}
	EndGlobalSection
	GlobalSection(ExtensibilityGlobals) = postSolution
		SolutionGuid = {79C5AB21-501B-4AAC-8621-197D71286559}
	EndGlobalSection
EndGlobal
